<Solution>
  <Project Path="TrackApplication.Data/TrackApplicationData.csproj" />
  <Project Path="TrackApplication.MigrationsRunner/TrackApplication.MigrationsRunner.csproj" />
  <Project Path="TrackApplication/TrackApplication.csproj">
    <Deploy Solution="Debug|*" />
  </Project>
  <Project Path="TrackApplicationCore/TrackApplicationCore.csproj" />
</Solution>
