<Solution>
  <Project Path="TestProject1/TestProject1.csproj" Id="c2024c38-f810-4751-aa7f-355a3e4b189e" />
  <Project Path="TrackApplication.Data/TrackApplicationData.csproj" />
  <Project Path="TrackApplication.MigrationsRunner/TrackApplication.MigrationsRunner.csproj" />
  <Project Path="TrackApplication/TrackApplication.csproj">
    <Deploy Solution="Debug|*" />
  </Project>
  <Project Path="TrackApplicationCore/TrackApplicationCore.csproj" />
</Solution>
